
Microsoft Visual Studio Solution File, Format Version 12.00
# Visual Studio Version 17
VisualStudioVersion = 17.3.32929.385
MinimumVisualStudioVersion = 10.0.40219.1
Project("{FAE04EC0-301F-11D3-BF4B-00C04F79EFBC}") = "PlaneBombGameClient", "PlaneBombGame\PlaneBombGameClient.csproj", "{B0D8F220-35B8-4222-ACEC-9A9CF95B24BF}"
EndProject
Global
	GlobalSection(SolutionConfigurationPlatforms) = preSolution
		Debug|Any CPU = Debug|Any CPU
		Release|Any CPU = Release|Any CPU
	EndGlobalSection
	GlobalSection(ProjectConfigurationPlatforms) = postSolution
		{B0D8F220-35B8-4222-ACEC-9A9CF95B24BF}.Debug|Any CPU.ActiveCfg = Debug|Any CPU
		{B0D8F220-35B8-4222-ACEC-9A9CF95B24BF}.Debug|Any CPU.Build.0 = Debug|Any CPU
		{B0D8F220-35B8-4222-ACEC-9A9CF95B24BF}.Release|Any CPU.ActiveCfg = Release|Any CPU
		{B0D8F220-35B8-4222-ACEC-9A9CF95B24BF}.Release|Any CPU.Build.0 = Release|Any CPU
	EndGlobalSection
	GlobalSection(SolutionProperties) = preSolution
		HideSolutionNode = FALSE
	EndGlobalSection
	GlobalSection(ExtensibilityGlobals) = postSolution
		SolutionGuid = {B4E599C9-856D-4DDF-826C-0FD90A29373C}
	EndGlobalSection
EndGlobal
